<?xml version="1.0" encoding="utf-8"?>
<Project ToolsVersion="4.0" xmlns="http://schemas.microsoft.com/developer/msbuild/2003">
  <ItemGroup>
    <Filter Include="core">
      <UniqueIdentifier>{e67ca6e6-1331-4758-a395-4da75663218d}</UniqueIdentifier>
    </Filter>
    <Filter Include="controls">
      <UniqueIdentifier>{218a569f-fbcc-4e70-93c8-b1cdd4ff7fcf}</UniqueIdentifier>
    </Filter>
    <Filter Include="controls\property_grid">
      <UniqueIdentifier>{53779b94-5ff5-45c4-9164-63e10a70b09b}</UniqueIdentifier>
    </Filter>
    <Filter Include="interfaces">
      <UniqueIdentifier>{e0717eb1-6b78-4e2d-84cf-1404c1344f74}</UniqueIdentifier>
    </Filter>
  </ItemGroup>
  <ItemGroup>
    <ClCompile Include="AssemblyInfo.cpp">
      <Filter>core</Filter>
    </ClCompile>
    <ClCompile Include="pch.cpp">
      <Filter>core</Filter>
    </ClCompile>
    <ClCompile Include="property_grid.cpp">
      <Filter>controls\property_grid</Filter>
    </ClCompile>
  </ItemGroup>
  <ItemGroup>
    <ClInclude Include="pch.hpp">
      <Filter>core</Filter>
    </ClInclude>
    <ClInclude Include="property_grid.hpp">
      <Filter>controls\property_grid</Filter>
    </ClInclude>
    <ClInclude Include="property_container_interface.hpp">
      <Filter>interfaces</Filter>
    </ClInclude>
    <ClInclude Include="property_incrementable.hpp">
      <Filter>interfaces</Filter>
    </ClInclude>
    <ClInclude Include="property_mouse_events.hpp">
      <Filter>interfaces</Filter>
    </ClInclude>
    <ClInclude Include="property_value.hpp">
      <Filter>interfaces</Filter>
    </ClInclude>
  </ItemGroup>
</Project>