<?xml version="1.0" encoding="utf-8"?>
<Project ToolsVersion="4.0" xmlns="http://schemas.microsoft.com/developer/msbuild/2003">
  <ItemGroup>
    <Filter Include="Kernel">
      <UniqueIdentifier>{63572194-825f-47db-bc95-fd34c1c3ad53}</UniqueIdentifier>
    </Filter>
    <Filter Include="Shared Files">
      <UniqueIdentifier>{fd3cb78e-a9e7-4fb7-bcf0-3813679c7ff6}</UniqueIdentifier>
    </Filter>
    <Filter Include="Shared Files\Engine">
      <UniqueIdentifier>{1515c2cb-34d7-49c6-b50c-4b8368a6cc75}</UniqueIdentifier>
    </Filter>
    <Filter Include="Shared Files\Editor">
      <UniqueIdentifier>{a4b3409a-7d9a-46fd-aae7-0a7e794dbd9f}</UniqueIdentifier>
    </Filter>
    <Filter Include="Export">
      <UniqueIdentifier>{1b7cfd18-2b98-4332-8373-518d99e01631}</UniqueIdentifier>
    </Filter>
    <Filter Include="Export\Skin">
      <UniqueIdentifier>{618a7158-9744-429d-9d4f-553a79962f33}</UniqueIdentifier>
    </Filter>
    <Filter Include="Export\Object">
      <UniqueIdentifier>{4b4790d0-99ea-42ea-86c0-8552e8fd66f6}</UniqueIdentifier>
    </Filter>
  </ItemGroup>
  <ItemGroup>
    <ClCompile Include="Export\stdafx.cpp">
      <Filter>Kernel</Filter>
    </ClCompile>
    <ClCompile Include="Export\XRayExport.cpp">
      <Filter>Kernel</Filter>
    </ClCompile>
    <ClCompile Include="..\Shared\bone.cpp">
      <Filter>Shared Files\Engine</Filter>
    </ClCompile>
    <ClCompile Include="..\Shared\Envelope.cpp">
      <Filter>Shared Files\Engine</Filter>
    </ClCompile>
    <ClCompile Include="..\Shared\interp.cpp">
      <Filter>Shared Files\Engine</Filter>
    </ClCompile>
    <ClCompile Include="..\Shared\motion.cpp">
      <Filter>Shared Files\Engine</Filter>
    </ClCompile>
    <ClCompile Include="..\..\editors\ECore\Editor\EditMesh.cpp">
      <Filter>Shared Files\Editor</Filter>
    </ClCompile>
    <ClCompile Include="..\..\editors\ECore\Editor\EditMeshIO.cpp">
      <Filter>Shared Files\Editor</Filter>
    </ClCompile>
    <ClCompile Include="..\..\editors\ECore\Editor\EditMeshModify.cpp">
      <Filter>Shared Files\Editor</Filter>
    </ClCompile>
    <ClCompile Include="..\..\editors\ECore\Editor\EditObject.cpp">
      <Filter>Shared Files\Editor</Filter>
    </ClCompile>
    <ClCompile Include="..\..\editors\ECore\Editor\EditObjectIO.cpp">
      <Filter>Shared Files\Editor</Filter>
    </ClCompile>
    <ClCompile Include="..\..\editors\ECore\Editor\EditObjectMotions.cpp">
      <Filter>Shared Files\Editor</Filter>
    </ClCompile>
    <ClCompile Include="..\..\editors\ECore\Editor\ELog.cpp">
      <Filter>Shared Files\Editor</Filter>
    </ClCompile>
    <ClCompile Include="Export\ExportDefines.cpp">
      <Filter>Export</Filter>
    </ClCompile>
    <ClCompile Include="Export\SmdBone.cpp">
      <Filter>Export\Skin</Filter>
    </ClCompile>
    <ClCompile Include="Export\SmdMaya.cpp">
      <Filter>Export\Skin</Filter>
    </ClCompile>
    <ClCompile Include="Export\SmdTriangle.cpp">
      <Filter>Export\Skin</Filter>
    </ClCompile>
    <ClCompile Include="Export\maTranslator.cpp">
      <Filter>Export\Object</Filter>
    </ClCompile>
    <ClCompile Include="Export\MayaExport.cpp">
      <Filter>Export\Object</Filter>
    </ClCompile>
  </ItemGroup>
  <ItemGroup>
    <ClInclude Include="Export\Stdafx.h">
      <Filter>Kernel</Filter>
    </ClInclude>
    <ClInclude Include="..\Shared\bone.h">
      <Filter>Shared Files\Engine</Filter>
    </ClInclude>
    <ClInclude Include="..\Shared\envelope.h">
      <Filter>Shared Files\Engine</Filter>
    </ClInclude>
    <ClInclude Include="..\Shared\motion.h">
      <Filter>Shared Files\Engine</Filter>
    </ClInclude>
    <ClInclude Include="..\..\editors\ECore\Editor\EditMesh.h">
      <Filter>Shared Files\Editor</Filter>
    </ClInclude>
    <ClInclude Include="..\..\editors\ECore\Editor\EditObject.h">
      <Filter>Shared Files\Editor</Filter>
    </ClInclude>
    <ClInclude Include="..\..\editors\ECore\Editor\ELog.h">
      <Filter>Shared Files\Editor</Filter>
    </ClInclude>
    <ClInclude Include="Export\ExportDefines.h">
      <Filter>Export</Filter>
    </ClInclude>
    <ClInclude Include="Export\SmdBone.h">
      <Filter>Export\Skin</Filter>
    </ClInclude>
    <ClInclude Include="Export\SmdMaya.h">
      <Filter>Export\Skin</Filter>
    </ClInclude>
    <ClInclude Include="Export\SmdTriangle.h">
      <Filter>Export\Skin</Filter>
    </ClInclude>
    <ClInclude Include="Export\maTranslator.h">
      <Filter>Export\Object</Filter>
    </ClInclude>
  </ItemGroup>
  <ItemGroup>
    <None Include="Export\xraySkinExportOptions.mel">
      <Filter>Export\Skin</Filter>
    </None>
    <None Include="Export\xraySkinMotionExportOptions.mel">
      <Filter>Export\Skin</Filter>
    </None>
    <None Include="Export\xrayObjectExportOptions.mel">
      <Filter>Export\Object</Filter>
    </None>
  </ItemGroup>
</Project>